// !$*UTF8*$!
{
	archiveVersion = 1;
	classes = {
	};
	objectVersion = 52;
	objects = {

/* Begin PBXBuildFile section */
		010B0C9C253B41F300DC9EFD /* GoogleService-Info.plist in Resources */ = {isa = PBXBuildFile; fileRef = 010B0C9B253B41F300DC9EFD /* GoogleService-Info.plist */; };
		013056E82572C27700E7DF1E /* AddMealController.swift in Sources */ = {isa = PBXBuildFile; fileRef = 013056E72572C27700E7DF1E /* AddMealController.swift */; };
		013056EF2572F4C500E7DF1E /* MealCell.swift in Sources */ = {isa = PBXBuildFile; fileRef = 013056EE2572F4C500E7DF1E /* MealCell.swift */; };
		013056F22572F6C400E7DF1E /* Meal.swift in Sources */ = {isa = PBXBuildFile; fileRef = 013056F12572F6C400E7DF1E /* Meal.swift */; };
		0133DB20255C2FEC00659B50 /* DietViewController.swift in Sources */ = {isa = PBXBuildFile; fileRef = 0133DB1F255C2FEC00659B50 /* DietViewController.swift */; };
		0133DB23256158F900659B50 /* SettingsTableViewController.swift in Sources */ = {isa = PBXBuildFile; fileRef = 0133DB22256158F900659B50 /* SettingsTableViewController.swift */; };
		01510713256970F5002C8506 /* ShoppingListCell.swift in Sources */ = {isa = PBXBuildFile; fileRef = 01510712256970F5002C8506 /* ShoppingListCell.swift */; };
		0151071725698775002C8506 /* SingleShoppingListController.swift in Sources */ = {isa = PBXBuildFile; fileRef = 0151071625698775002C8506 /* SingleShoppingListController.swift */; };
		0151071C256989E9002C8506 /* ProductToBuyCell.swift in Sources */ = {isa = PBXBuildFile; fileRef = 0151071B256989E9002C8506 /* ProductToBuyCell.swift */; };
		0162A3A0256D2BBD003E3875 /* ProductDetailsController.swift in Sources */ = {isa = PBXBuildFile; fileRef = 0162A39F256D2BBD003E3875 /* ProductDetailsController.swift */; };
		016AF67F25A46C220064EEB3 /* ExploreRecipesController.swift in Sources */ = {isa = PBXBuildFile; fileRef = 016AF67E25A46C220064EEB3 /* ExploreRecipesController.swift */; };
		017AA0EF2515FBB600DCBF6E /* Product.swift in Sources */ = {isa = PBXBuildFile; fileRef = 017AA0EE2515FBB600DCBF6E /* Product.swift */; };
		019065A12591E82F00DC2052 /* FoodFactsObject.swift in Sources */ = {isa = PBXBuildFile; fileRef = 019065A02591E82F00DC2052 /* FoodFactsObject.swift */; };
		019065B62591FEDC00DC2052 /* FoodFactsShortModel in Resources */ = {isa = PBXBuildFile; fileRef = 019065B52591FEDC00DC2052 /* FoodFactsShortModel */; };
		01924F2424DB4B9B0064B9E6 /* AppDelegate.swift in Sources */ = {isa = PBXBuildFile; fileRef = 01924F2324DB4B9B0064B9E6 /* AppDelegate.swift */; };
		01924F2624DB4B9B0064B9E6 /* SceneDelegate.swift in Sources */ = {isa = PBXBuildFile; fileRef = 01924F2524DB4B9B0064B9E6 /* SceneDelegate.swift */; };
		01924F2824DB4B9B0064B9E6 /* ViewController.swift in Sources */ = {isa = PBXBuildFile; fileRef = 01924F2724DB4B9B0064B9E6 /* ViewController.swift */; };
		01924F2B24DB4B9B0064B9E6 /* Main.storyboard in Resources */ = {isa = PBXBuildFile; fileRef = 01924F2924DB4B9B0064B9E6 /* Main.storyboard */; };
		01924F2E24DB4B9B0064B9E6 /* myFood.xcdatamodeld in Sources */ = {isa = PBXBuildFile; fileRef = 01924F2C24DB4B9B0064B9E6 /* myFood.xcdatamodeld */; };
		01924F3024DB4B9D0064B9E6 /* Assets.xcassets in Resources */ = {isa = PBXBuildFile; fileRef = 01924F2F24DB4B9D0064B9E6 /* Assets.xcassets */; };
		01924F3324DB4B9D0064B9E6 /* LaunchScreen.storyboard in Resources */ = {isa = PBXBuildFile; fileRef = 01924F3124DB4B9D0064B9E6 /* LaunchScreen.storyboard */; };
		01AF1D6425A33547009F6385 /* MealPlan.swift in Sources */ = {isa = PBXBuildFile; fileRef = 01AF1D6325A33547009F6385 /* MealPlan.swift */; };
		01B32EBC250A3D35007ACC27 /* ShoppingListsController.swift in Sources */ = {isa = PBXBuildFile; fileRef = 01B32EBB250A3D35007ACC27 /* ShoppingListsController.swift */; };
		01C1F44E257D4BF800BFA787 /* ChangeNameController.swift in Sources */ = {isa = PBXBuildFile; fileRef = 01C1F44D257D4BF800BFA787 /* ChangeNameController.swift */; };
		01C5E0EF24F274100047CB11 /* MyFoodViewController.swift in Sources */ = {isa = PBXBuildFile; fileRef = 01C5E0EE24F274100047CB11 /* MyFoodViewController.swift */; };
		01D1297625A9DFFC00690952 /* MealPlanResponseController.swift in Sources */ = {isa = PBXBuildFile; fileRef = 01D1297525A9DFFC00690952 /* MealPlanResponseController.swift */; };
		01D1297D25A9EC9E00690952 /* MealResponseCell.swift in Sources */ = {isa = PBXBuildFile; fileRef = 01D1297C25A9EC9E00690952 /* MealResponseCell.swift */; };
		01DA04DF251567760093DB10 /* ProductTableViewCell.swift in Sources */ = {isa = PBXBuildFile; fileRef = 01DA04DD251567760093DB10 /* ProductTableViewCell.swift */; };
		01DA04E0251567760093DB10 /* ProductTableViewCell.xib in Resources */ = {isa = PBXBuildFile; fileRef = 01DA04DE251567760093DB10 /* ProductTableViewCell.xib */; };
		01FD64542584EEC700BC18B2 /* GenerateMealController.swift in Sources */ = {isa = PBXBuildFile; fileRef = 01FD64532584EEC700BC18B2 /* GenerateMealController.swift */; };
		01FE408724F5ABC500ED7918 /* ReaderViewController.swift in Sources */ = {isa = PBXBuildFile; fileRef = 01FE408624F5ABC500ED7918 /* ReaderViewController.swift */; };
		24E80352E9E8816C6A071A3E /* Pods_myFood.framework in Frameworks */ = {isa = PBXBuildFile; fileRef = B761E2F612FC50D07FE444E1 /* Pods_myFood.framework */; };
/* End PBXBuildFile section */

/* Begin PBXFileReference section */
		010B0C9B253B41F300DC9EFD /* GoogleService-Info.plist */ = {isa = PBXFileReference; fileEncoding = 4; lastKnownFileType = text.plist.xml; path = "GoogleService-Info.plist"; sourceTree = "<group>"; };
		013056E72572C27700E7DF1E /* AddMealController.swift */ = {isa = PBXFileReference; lastKnownFileType = sourcecode.swift; path = AddMealController.swift; sourceTree = "<group>"; };
		013056EE2572F4C500E7DF1E /* MealCell.swift */ = {isa = PBXFileReference; lastKnownFileType = sourcecode.swift; path = MealCell.swift; sourceTree = "<group>"; };
		013056F12572F6C400E7DF1E /* Meal.swift */ = {isa = PBXFileReference; lastKnownFileType = sourcecode.swift; path = Meal.swift; sourceTree = "<group>"; };
		0133DB1F255C2FEC00659B50 /* DietViewController.swift */ = {isa = PBXFileReference; lastKnownFileType = sourcecode.swift; path = DietViewController.swift; sourceTree = "<group>"; };
		0133DB22256158F900659B50 /* SettingsTableViewController.swift */ = {isa = PBXFileReference; lastKnownFileType = sourcecode.swift; path = SettingsTableViewController.swift; sourceTree = "<group>"; };
		01510712256970F5002C8506 /* ShoppingListCell.swift */ = {isa = PBXFileReference; lastKnownFileType = sourcecode.swift; name = ShoppingListCell.swift; path = myFood/Controller/ShoppingListCell.swift; sourceTree = SOURCE_ROOT; };
		0151071625698775002C8506 /* SingleShoppingListController.swift */ = {isa = PBXFileReference; lastKnownFileType = sourcecode.swift; path = SingleShoppingListController.swift; sourceTree = "<group>"; };
		0151071B256989E9002C8506 /* ProductToBuyCell.swift */ = {isa = PBXFileReference; lastKnownFileType = sourcecode.swift; path = ProductToBuyCell.swift; sourceTree = "<group>"; };
		0162A39F256D2BBD003E3875 /* ProductDetailsController.swift */ = {isa = PBXFileReference; lastKnownFileType = sourcecode.swift; path = ProductDetailsController.swift; sourceTree = "<group>"; };
		016AF67E25A46C220064EEB3 /* ExploreRecipesController.swift */ = {isa = PBXFileReference; lastKnownFileType = sourcecode.swift; path = ExploreRecipesController.swift; sourceTree = "<group>"; };
		017AA0EE2515FBB600DCBF6E /* Product.swift */ = {isa = PBXFileReference; lastKnownFileType = sourcecode.swift; path = Product.swift; sourceTree = "<group>"; };
		019065A02591E82F00DC2052 /* FoodFactsObject.swift */ = {isa = PBXFileReference; lastKnownFileType = sourcecode.swift; path = FoodFactsObject.swift; sourceTree = "<group>"; };
		019065B52591FEDC00DC2052 /* FoodFactsShortModel */ = {isa = PBXFileReference; lastKnownFileType = text; path = FoodFactsShortModel; sourceTree = "<group>"; };
		01924F2024DB4B9B0064B9E6 /* myFood.app */ = {isa = PBXFileReference; explicitFileType = wrapper.application; includeInIndex = 0; path = myFood.app; sourceTree = BUILT_PRODUCTS_DIR; };
		01924F2324DB4B9B0064B9E6 /* AppDelegate.swift */ = {isa = PBXFileReference; lastKnownFileType = sourcecode.swift; path = AppDelegate.swift; sourceTree = "<group>"; };
		01924F2524DB4B9B0064B9E6 /* SceneDelegate.swift */ = {isa = PBXFileReference; lastKnownFileType = sourcecode.swift; path = SceneDelegate.swift; sourceTree = "<group>"; };
		01924F2724DB4B9B0064B9E6 /* ViewController.swift */ = {isa = PBXFileReference; lastKnownFileType = sourcecode.swift; path = ViewController.swift; sourceTree = "<group>"; };
		01924F2A24DB4B9B0064B9E6 /* Base */ = {isa = PBXFileReference; lastKnownFileType = file.storyboard; name = Base; path = Base.lproj/Main.storyboard; sourceTree = "<group>"; };
		01924F2D24DB4B9B0064B9E6 /* myFood.xcdatamodel */ = {isa = PBXFileReference; lastKnownFileType = wrapper.xcdatamodel; path = myFood.xcdatamodel; sourceTree = "<group>"; };
		01924F2F24DB4B9D0064B9E6 /* Assets.xcassets */ = {isa = PBXFileReference; lastKnownFileType = folder.assetcatalog; path = Assets.xcassets; sourceTree = "<group>"; };
		01924F3224DB4B9D0064B9E6 /* Base */ = {isa = PBXFileReference; lastKnownFileType = file.storyboard; name = Base; path = Base.lproj/LaunchScreen.storyboard; sourceTree = "<group>"; };
		01924F3424DB4B9D0064B9E6 /* Info.plist */ = {isa = PBXFileReference; lastKnownFileType = text.plist.xml; path = Info.plist; sourceTree = "<group>"; };
		01AF1D6325A33547009F6385 /* MealPlan.swift */ = {isa = PBXFileReference; lastKnownFileType = sourcecode.swift; path = MealPlan.swift; sourceTree = "<group>"; };
		01B32EBB250A3D35007ACC27 /* ShoppingListsController.swift */ = {isa = PBXFileReference; lastKnownFileType = sourcecode.swift; path = ShoppingListsController.swift; sourceTree = "<group>"; };
		01C1F44D257D4BF800BFA787 /* ChangeNameController.swift */ = {isa = PBXFileReference; lastKnownFileType = sourcecode.swift; path = ChangeNameController.swift; sourceTree = "<group>"; };
		01C5E0EE24F274100047CB11 /* MyFoodViewController.swift */ = {isa = PBXFileReference; lastKnownFileType = sourcecode.swift; path = MyFoodViewController.swift; sourceTree = "<group>"; };
		01D1297525A9DFFC00690952 /* MealPlanResponseController.swift */ = {isa = PBXFileReference; lastKnownFileType = sourcecode.swift; path = MealPlanResponseController.swift; sourceTree = "<group>"; };
		01D1297C25A9EC9E00690952 /* MealResponseCell.swift */ = {isa = PBXFileReference; lastKnownFileType = sourcecode.swift; path = MealResponseCell.swift; sourceTree = "<group>"; };
		01DA04DD251567760093DB10 /* ProductTableViewCell.swift */ = {isa = PBXFileReference; lastKnownFileType = sourcecode.swift; path = ProductTableViewCell.swift; sourceTree = "<group>"; };
		01DA04DE251567760093DB10 /* ProductTableViewCell.xib */ = {isa = PBXFileReference; lastKnownFileType = file.xib; path = ProductTableViewCell.xib; sourceTree = "<group>"; };
		01FD64532584EEC700BC18B2 /* GenerateMealController.swift */ = {isa = PBXFileReference; lastKnownFileType = sourcecode.swift; path = GenerateMealController.swift; sourceTree = "<group>"; };
		01FE408624F5ABC500ED7918 /* ReaderViewController.swift */ = {isa = PBXFileReference; lastKnownFileType = sourcecode.swift; path = ReaderViewController.swift; sourceTree = "<group>"; };
		5EB36EE59C6C6108A8CC404C /* Pods-myFood.release.xcconfig */ = {isa = PBXFileReference; includeInIndex = 1; lastKnownFileType = text.xcconfig; name = "Pods-myFood.release.xcconfig"; path = "Target Support Files/Pods-myFood/Pods-myFood.release.xcconfig"; sourceTree = "<group>"; };
		ADB2F92D651F75A8E27F5334 /* Pods-myFood.debug.xcconfig */ = {isa = PBXFileReference; includeInIndex = 1; lastKnownFileType = text.xcconfig; name = "Pods-myFood.debug.xcconfig"; path = "Target Support Files/Pods-myFood/Pods-myFood.debug.xcconfig"; sourceTree = "<group>"; };
		B761E2F612FC50D07FE444E1 /* Pods_myFood.framework */ = {isa = PBXFileReference; explicitFileType = wrapper.framework; includeInIndex = 0; path = Pods_myFood.framework; sourceTree = BUILT_PRODUCTS_DIR; };
/* End PBXFileReference section */

/* Begin PBXFrameworksBuildPhase section */
		01924F1D24DB4B9B0064B9E6 /* Frameworks */ = {
			isa = PBXFrameworksBuildPhase;
			buildActionMask = 2147483647;
			files = (
				24E80352E9E8816C6A071A3E /* Pods_myFood.framework in Frameworks */,
			);
			runOnlyForDeploymentPostprocessing = 0;
		};
/* End PBXFrameworksBuildPhase section */

/* Begin PBXGroup section */
		01924F1724DB4B9B0064B9E6 = {
			isa = PBXGroup;
			children = (
				01924F2224DB4B9B0064B9E6 /* myFood */,
				01924F2124DB4B9B0064B9E6 /* Products */,
				4D009CD56AFECF33E4F9B78A /* Pods */,
				6B3E6D3B9A3E989D9C6C7DE2 /* Frameworks */,
			);
			sourceTree = "<group>";
		};
		01924F2124DB4B9B0064B9E6 /* Products */ = {
			isa = PBXGroup;
			children = (
				01924F2024DB4B9B0064B9E6 /* myFood.app */,
			);
			name = Products;
			sourceTree = "<group>";
		};
		01924F2224DB4B9B0064B9E6 /* myFood */ = {
			isa = PBXGroup;
			children = (
				010B0C9B253B41F300DC9EFD /* GoogleService-Info.plist */,
				01C5E0F024F2764D0047CB11 /* Model */,
				01C5E0F124F276520047CB11 /* View */,
				01C5E0F224F276580047CB11 /* Controller */,
				01924F2324DB4B9B0064B9E6 /* AppDelegate.swift */,
				01924F2524DB4B9B0064B9E6 /* SceneDelegate.swift */,
				01924F2F24DB4B9D0064B9E6 /* Assets.xcassets */,
				01924F3424DB4B9D0064B9E6 /* Info.plist */,
			);
			path = myFood;
			sourceTree = "<group>";
		};
		01C5E0F024F2764D0047CB11 /* Model */ = {
			isa = PBXGroup;
			children = (
				01924F2C24DB4B9B0064B9E6 /* myFood.xcdatamodeld */,
				017AA0EE2515FBB600DCBF6E /* Product.swift */,
				013056F12572F6C400E7DF1E /* Meal.swift */,
				019065A02591E82F00DC2052 /* FoodFactsObject.swift */,
				019065B52591FEDC00DC2052 /* FoodFactsShortModel */,
				01AF1D6325A33547009F6385 /* MealPlan.swift */,
			);
			path = Model;
			sourceTree = "<group>";
		};
		01C5E0F124F276520047CB11 /* View */ = {
			isa = PBXGroup;
			children = (
				01924F2924DB4B9B0064B9E6 /* Main.storyboard */,
				01924F3124DB4B9D0064B9E6 /* LaunchScreen.storyboard */,
				01DA04DE251567760093DB10 /* ProductTableViewCell.xib */,
				013056EE2572F4C500E7DF1E /* MealCell.swift */,
				01D1297C25A9EC9E00690952 /* MealResponseCell.swift */,
			);
			path = View;
			sourceTree = "<group>";
		};
		01C5E0F224F276580047CB11 /* Controller */ = {
			isa = PBXGroup;
			children = (
				01924F2724DB4B9B0064B9E6 /* ViewController.swift */,
				01C5E0EE24F274100047CB11 /* MyFoodViewController.swift */,
				01FE408624F5ABC500ED7918 /* ReaderViewController.swift */,
				01510712256970F5002C8506 /* ShoppingListCell.swift */,
				01B32EBB250A3D35007ACC27 /* ShoppingListsController.swift */,
				01DA04DD251567760093DB10 /* ProductTableViewCell.swift */,
				0133DB1F255C2FEC00659B50 /* DietViewController.swift */,
				0133DB22256158F900659B50 /* SettingsTableViewController.swift */,
				0151071625698775002C8506 /* SingleShoppingListController.swift */,
				0151071B256989E9002C8506 /* ProductToBuyCell.swift */,
				0162A39F256D2BBD003E3875 /* ProductDetailsController.swift */,
				013056E72572C27700E7DF1E /* AddMealController.swift */,
				01C1F44D257D4BF800BFA787 /* ChangeNameController.swift */,
				01FD64532584EEC700BC18B2 /* GenerateMealController.swift */,
				016AF67E25A46C220064EEB3 /* ExploreRecipesController.swift */,
				01D1297525A9DFFC00690952 /* MealPlanResponseController.swift */,
			);
			path = Controller;
			sourceTree = "<group>";
		};
		4D009CD56AFECF33E4F9B78A /* Pods */ = {
			isa = PBXGroup;
			children = (
				ADB2F92D651F75A8E27F5334 /* Pods-myFood.debug.xcconfig */,
				5EB36EE59C6C6108A8CC404C /* Pods-myFood.release.xcconfig */,
			);
			path = Pods;
			sourceTree = "<group>";
		};
		6B3E6D3B9A3E989D9C6C7DE2 /* Frameworks */ = {
			isa = PBXGroup;
			children = (
				B761E2F612FC50D07FE444E1 /* Pods_myFood.framework */,
			);
			name = Frameworks;
			sourceTree = "<group>";
		};
/* End PBXGroup section */

/* Begin PBXNativeTarget section */
		01924F1F24DB4B9B0064B9E6 /* myFood */ = {
			isa = PBXNativeTarget;
			buildConfigurationList = 01924F3724DB4B9D0064B9E6 /* Build configuration list for PBXNativeTarget "myFood" */;
			buildPhases = (
				0D2C4695007AFE05503D11F4 /* [CP] Check Pods Manifest.lock */,
				01924F1C24DB4B9B0064B9E6 /* Sources */,
				01924F1D24DB4B9B0064B9E6 /* Frameworks */,
				01924F1E24DB4B9B0064B9E6 /* Resources */,
				7C5742DB2C223BD1A4A1CE65 /* [CP] Embed Pods Frameworks */,
			);
			buildRules = (
			);
			dependencies = (
			);
			name = myFood;
			packageProductDependencies = (
			);
			productName = myFood;
			productReference = 01924F2024DB4B9B0064B9E6 /* myFood.app */;
			productType = "com.apple.product-type.application";
		};
/* End PBXNativeTarget section */

/* Begin PBXProject section */
		01924F1824DB4B9B0064B9E6 /* Project object */ = {
			isa = PBXProject;
			attributes = {
				LastSwiftUpdateCheck = 1150;
				LastUpgradeCheck = 1150;
				ORGANIZATIONNAME = "Nikita Gulak";
				TargetAttributes = {
					01924F1F24DB4B9B0064B9E6 = {
						CreatedOnToolsVersion = 11.5;
					};
				};
			};
			buildConfigurationList = 01924F1B24DB4B9B0064B9E6 /* Build configuration list for PBXProject "myFood" */;
			compatibilityVersion = "Xcode 9.3";
			developmentRegion = en;
			hasScannedForEncodings = 0;
			knownRegions = (
				en,
				Base,
			);
			mainGroup = 01924F1724DB4B9B0064B9E6;
			packageReferences = (
				01A9307E24FAEC9B00723177 /* XCRemoteSwiftPackageReference "facebook-ios-sdk" */,
			);
			productRefGroup = 01924F2124DB4B9B0064B9E6 /* Products */;
			projectDirPath = "";
			projectRoot = "";
			targets = (
				01924F1F24DB4B9B0064B9E6 /* myFood */,
			);
		};
/* End PBXProject section */

/* Begin PBXResourcesBuildPhase section */
		01924F1E24DB4B9B0064B9E6 /* Resources */ = {
			isa = PBXResourcesBuildPhase;
			buildActionMask = 2147483647;
			files = (
				01924F3324DB4B9D0064B9E6 /* LaunchScreen.storyboard in Resources */,
				019065B62591FEDC00DC2052 /* FoodFactsShortModel in Resources */,
				01DA04E0251567760093DB10 /* ProductTableViewCell.xib in Resources */,
				010B0C9C253B41F300DC9EFD /* GoogleService-Info.plist in Resources */,
				01924F3024DB4B9D0064B9E6 /* Assets.xcassets in Resources */,
				01924F2B24DB4B9B0064B9E6 /* Main.storyboard in Resources */,
			);
			runOnlyForDeploymentPostprocessing = 0;
		};
/* End PBXResourcesBuildPhase section */

/* Begin PBXShellScriptBuildPhase section */
		0D2C4695007AFE05503D11F4 /* [CP] Check Pods Manifest.lock */ = {
			isa = PBXShellScriptBuildPhase;
			buildActionMask = 2147483647;
			files = (
			);
			inputFileListPaths = (
			);
			inputPaths = (
				"${PODS_PODFILE_DIR_PATH}/Podfile.lock",
				"${PODS_ROOT}/Manifest.lock",
			);
			name = "[CP] Check Pods Manifest.lock";
			outputFileListPaths = (
			);
			outputPaths = (
				"$(DERIVED_FILE_DIR)/Pods-myFood-checkManifestLockResult.txt",
			);
			runOnlyForDeploymentPostprocessing = 0;
			shellPath = /bin/sh;
			shellScript = "diff \"${PODS_PODFILE_DIR_PATH}/Podfile.lock\" \"${PODS_ROOT}/Manifest.lock\" > /dev/null\nif [ $? != 0 ] ; then\n    # print error to STDERR\n    echo \"error: The sandbox is not in sync with the Podfile.lock. Run 'pod install' or update your CocoaPods installation.\" >&2\n    exit 1\nfi\n# This output is used by Xcode 'outputs' to avoid re-running this script phase.\necho \"SUCCESS\" > \"${SCRIPT_OUTPUT_FILE_0}\"\n";
			showEnvVarsInLog = 0;
		};
		7C5742DB2C223BD1A4A1CE65 /* [CP] Embed Pods Frameworks */ = {
			isa = PBXShellScriptBuildPhase;
			buildActionMask = 2147483647;
			files = (
			);
			inputFileListPaths = (
				"${PODS_ROOT}/Target Support Files/Pods-myFood/Pods-myFood-frameworks-${CONFIGURATION}-input-files.xcfilelist",
			);
			name = "[CP] Embed Pods Frameworks";
			outputFileListPaths = (
				"${PODS_ROOT}/Target Support Files/Pods-myFood/Pods-myFood-frameworks-${CONFIGURATION}-output-files.xcfilelist",
			);
			runOnlyForDeploymentPostprocessing = 0;
			shellPath = /bin/sh;
			shellScript = "\"${PODS_ROOT}/Target Support Files/Pods-myFood/Pods-myFood-frameworks.sh\"\n";
			showEnvVarsInLog = 0;
		};
/* End PBXShellScriptBuildPhase section */

/* Begin PBXSourcesBuildPhase section */
		01924F1C24DB4B9B0064B9E6 /* Sources */ = {
			isa = PBXSourcesBuildPhase;
			buildActionMask = 2147483647;
			files = (
				01510713256970F5002C8506 /* ShoppingListCell.swift in Sources */,
				0162A3A0256D2BBD003E3875 /* ProductDetailsController.swift in Sources */,
				016AF67F25A46C220064EEB3 /* ExploreRecipesController.swift in Sources */,
				0151071C256989E9002C8506 /* ProductToBuyCell.swift in Sources */,
				013056EF2572F4C500E7DF1E /* MealCell.swift in Sources */,
				013056F22572F6C400E7DF1E /* Meal.swift in Sources */,
				01924F2824DB4B9B0064B9E6 /* ViewController.swift in Sources */,
				01D1297D25A9EC9E00690952 /* MealResponseCell.swift in Sources */,
				01C5E0EF24F274100047CB11 /* MyFoodViewController.swift in Sources */,
				01D1297625A9DFFC00690952 /* MealPlanResponseController.swift in Sources */,
				01DA04DF251567760093DB10 /* ProductTableViewCell.swift in Sources */,
				0151071725698775002C8506 /* SingleShoppingListController.swift in Sources */,
				0133DB20255C2FEC00659B50 /* DietViewController.swift in Sources */,
				017AA0EF2515FBB600DCBF6E /* Product.swift in Sources */,
				01FE408724F5ABC500ED7918 /* ReaderViewController.swift in Sources */,
				01C1F44E257D4BF800BFA787 /* ChangeNameController.swift in Sources */,
				01AF1D6425A33547009F6385 /* MealPlan.swift in Sources */,
				01924F2E24DB4B9B0064B9E6 /* myFood.xcdatamodeld in Sources */,
				0133DB23256158F900659B50 /* SettingsTableViewController.swift in Sources */,
				019065A12591E82F00DC2052 /* FoodFactsObject.swift in Sources */,
				01B32EBC250A3D35007ACC27 /* ShoppingListsController.swift in Sources */,
				01924F2424DB4B9B0064B9E6 /* AppDelegate.swift in Sources */,
				01FD64542584EEC700BC18B2 /* GenerateMealController.swift in Sources */,
				013056E82572C27700E7DF1E /* AddMealController.swift in Sources */,
				01924F2624DB4B9B0064B9E6 /* SceneDelegate.swift in Sources */,
			);
			runOnlyForDeploymentPostprocessing = 0;
		};
/* End PBXSourcesBuildPhase section */

/* Begin PBXVariantGroup section */
		01924F2924DB4B9B0064B9E6 /* Main.storyboard */ = {
			isa = PBXVariantGroup;
			children = (
				01924F2A24DB4B9B0064B9E6 /* Base */,
			);
			name = Main.storyboard;
			sourceTree = "<group>";
		};
		01924F3124DB4B9D0064B9E6 /* LaunchScreen.storyboard */ = {
			isa = PBXVariantGroup;
			children = (
				01924F3224DB4B9D0064B9E6 /* Base */,
			);
			name = LaunchScreen.storyboard;
			sourceTree = "<group>";
		};
/* End PBXVariantGroup section */

/* Begin XCBuildConfiguration section */
		01924F3524DB4B9D0064B9E6 /* Debug */ = {
			isa = XCBuildConfiguration;
			buildSettings = {
				ALWAYS_SEARCH_USER_PATHS = NO;
				CLANG_ANALYZER_NONNULL = YES;
				CLANG_ANALYZER_NUMBER_OBJECT_CONVERSION = YES_AGGRESSIVE;
				CLANG_CXX_LANGUAGE_STANDARD = "gnu++14";
				CLANG_CXX_LIBRARY = "libc++";
				CLANG_ENABLE_MODULES = YES;
				CLANG_ENABLE_OBJC_ARC = YES;
				CLANG_ENABLE_OBJC_WEAK = YES;
				CLANG_WARN_BLOCK_CAPTURE_AUTORELEASING = YES;
				CLANG_WARN_BOOL_CONVERSION = YES;
				CLANG_WARN_COMMA = YES;
				CLANG_WARN_CONSTANT_CONVERSION = YES;
				CLANG_WARN_DEPRECATED_OBJC_IMPLEMENTATIONS = YES;
				CLANG_WARN_DIRECT_OBJC_ISA_USAGE = YES_ERROR;
				CLANG_WARN_DOCUMENTATION_COMMENTS = YES;
				CLANG_WARN_EMPTY_BODY = YES;
				CLANG_WARN_ENUM_CONVERSION = YES;
				CLANG_WARN_INFINITE_RECURSION = YES;
				CLANG_WARN_INT_CONVERSION = YES;
				CLANG_WARN_NON_LITERAL_NULL_CONVERSION = YES;
				CLANG_WARN_OBJC_IMPLICIT_RETAIN_SELF = YES;
				CLANG_WARN_OBJC_LITERAL_CONVERSION = YES;
				CLANG_WARN_OBJC_ROOT_CLASS = YES_ERROR;
				CLANG_WARN_RANGE_LOOP_ANALYSIS = YES;
				CLANG_WARN_STRICT_PROTOTYPES = YES;
				CLANG_WARN_SUSPICIOUS_MOVE = YES;
				CLANG_WARN_UNGUARDED_AVAILABILITY = YES_AGGRESSIVE;
				CLANG_WARN_UNREACHABLE_CODE = YES;
				CLANG_WARN__DUPLICATE_METHOD_MATCH = YES;
				COPY_PHASE_STRIP = NO;
				DEBUG_INFORMATION_FORMAT = dwarf;
				ENABLE_STRICT_OBJC_MSGSEND = YES;
				ENABLE_TESTABILITY = YES;
				GCC_C_LANGUAGE_STANDARD = gnu11;
				GCC_DYNAMIC_NO_PIC = NO;
				GCC_NO_COMMON_BLOCKS = YES;
				GCC_OPTIMIZATION_LEVEL = 0;
				GCC_PREPROCESSOR_DEFINITIONS = (
					"DEBUG=1",
					"$(inherited)",
				);
				GCC_WARN_64_TO_32_BIT_CONVERSION = YES;
				GCC_WARN_ABOUT_RETURN_TYPE = YES_ERROR;
				GCC_WARN_UNDECLARED_SELECTOR = YES;
				GCC_WARN_UNINITIALIZED_AUTOS = YES_AGGRESSIVE;
				GCC_WARN_UNUSED_FUNCTION = YES;
				GCC_WARN_UNUSED_VARIABLE = YES;
				IPHONEOS_DEPLOYMENT_TARGET = 14.0;
				MTL_ENABLE_DEBUG_INFO = INCLUDE_SOURCE;
				MTL_FAST_MATH = YES;
				ONLY_ACTIVE_ARCH = YES;
				SDKROOT = iphoneos;
				SWIFT_ACTIVE_COMPILATION_CONDITIONS = DEBUG;
				SWIFT_OPTIMIZATION_LEVEL = "-Onone";
			};
			name = Debug;
		};
		01924F3624DB4B9D0064B9E6 /* Release */ = {
			isa = XCBuildConfiguration;
			buildSettings = {
				ALWAYS_SEARCH_USER_PATHS = NO;
				CLANG_ANALYZER_NONNULL = YES;
				CLANG_ANALYZER_NUMBER_OBJECT_CONVERSION = YES_AGGRESSIVE;
				CLANG_CXX_LANGUAGE_STANDARD = "gnu++14";
				CLANG_CXX_LIBRARY = "libc++";
				CLANG_ENABLE_MODULES = YES;
				CLANG_ENABLE_OBJC_ARC = YES;
				CLANG_ENABLE_OBJC_WEAK = YES;
				CLANG_WARN_BLOCK_CAPTURE_AUTORELEASING = YES;
				CLANG_WARN_BOOL_CONVERSION = YES;
				CLANG_WARN_COMMA = YES;
				CLANG_WARN_CONSTANT_CONVERSION = YES;
				CLANG_WARN_DEPRECATED_OBJC_IMPLEMENTATIONS = YES;
				CLANG_WARN_DIRECT_OBJC_ISA_USAGE = YES_ERROR;
				CLANG_WARN_DOCUMENTATION_COMMENTS = YES;
				CLANG_WARN_EMPTY_BODY = YES;
				CLANG_WARN_ENUM_CONVERSION = YES;
				CLANG_WARN_INFINITE_RECURSION = YES;
				CLANG_WARN_INT_CONVERSION = YES;
				CLANG_WARN_NON_LITERAL_NULL_CONVERSION = YES;
				CLANG_WARN_OBJC_IMPLICIT_RETAIN_SELF = YES;
				CLANG_WARN_OBJC_LITERAL_CONVERSION = YES;
				CLANG_WARN_OBJC_ROOT_CLASS = YES_ERROR;
				CLANG_WARN_RANGE_LOOP_ANALYSIS = YES;
				CLANG_WARN_STRICT_PROTOTYPES = YES;
				CLANG_WARN_SUSPICIOUS_MOVE = YES;
				CLANG_WARN_UNGUARDED_AVAILABILITY = YES_AGGRESSIVE;
				CLANG_WARN_UNREACHABLE_CODE = YES;
				CLANG_WARN__DUPLICATE_METHOD_MATCH = YES;
				COPY_PHASE_STRIP = NO;
				DEBUG_INFORMATION_FORMAT = "dwarf-with-dsym";
				ENABLE_NS_ASSERTIONS = NO;
				ENABLE_STRICT_OBJC_MSGSEND = YES;
				GCC_C_LANGUAGE_STANDARD = gnu11;
				GCC_NO_COMMON_BLOCKS = YES;
				GCC_WARN_64_TO_32_BIT_CONVERSION = YES;
				GCC_WARN_ABOUT_RETURN_TYPE = YES_ERROR;
				GCC_WARN_UNDECLARED_SELECTOR = YES;
				GCC_WARN_UNINITIALIZED_AUTOS = YES_AGGRESSIVE;
				GCC_WARN_UNUSED_FUNCTION = YES;
				GCC_WARN_UNUSED_VARIABLE = YES;
				IPHONEOS_DEPLOYMENT_TARGET = 14.0;
				MTL_ENABLE_DEBUG_INFO = NO;
				MTL_FAST_MATH = YES;
				SDKROOT = iphoneos;
				SWIFT_COMPILATION_MODE = wholemodule;
				SWIFT_OPTIMIZATION_LEVEL = "-O";
				VALIDATE_PRODUCT = YES;
			};
			name = Release;
		};
		01924F3824DB4B9D0064B9E6 /* Debug */ = {
			isa = XCBuildConfiguration;
			baseConfigurationReference = ADB2F92D651F75A8E27F5334 /* Pods-myFood.debug.xcconfig */;
			buildSettings = {
				ASSETCATALOG_COMPILER_APPICON_NAME = AppIcon;
				CODE_SIGN_STYLE = Automatic;
				DEVELOPMENT_TEAM = 664H2WD289;
				INFOPLIST_FILE = myFood/Info.plist;
				LD_RUNPATH_SEARCH_PATHS = (
					"$(inherited)",
					"@executable_path/Frameworks",
				);
				PRODUCT_BUNDLE_IDENTIFIER = nikitagulak.myFood;
				PRODUCT_NAME = "$(TARGET_NAME)";
				SWIFT_VERSION = 5.0;
				TARGETED_DEVICE_FAMILY = "1,2";
			};
			name = Debug;
		};
		01924F3924DB4B9D0064B9E6 /* Release */ = {
			isa = XCBuildConfiguration;
			baseConfigurationReference = 5EB36EE59C6C6108A8CC404C /* Pods-myFood.release.xcconfig */;
			buildSettings = {
				ASSETCATALOG_COMPILER_APPICON_NAME = AppIcon;
				CODE_SIGN_STYLE = Automatic;
				DEVELOPMENT_TEAM = 664H2WD289;
				INFOPLIST_FILE = myFood/Info.plist;
				LD_RUNPATH_SEARCH_PATHS = (
					"$(inherited)",
					"@executable_path/Frameworks",
				);
				PRODUCT_BUNDLE_IDENTIFIER = nikitagulak.myFood;
				PRODUCT_NAME = "$(TARGET_NAME)";
				SWIFT_VERSION = 5.0;
				TARGETED_DEVICE_FAMILY = "1,2";
			};
			name = Release;
		};
/* End XCBuildConfiguration section */

/* Begin XCConfigurationList section */
		01924F1B24DB4B9B0064B9E6 /* Build configuration list for PBXProject "myFood" */ = {
			isa = XCConfigurationList;
			buildConfigurations = (
				01924F3524DB4B9D0064B9E6 /* Debug */,
				01924F3624DB4B9D0064B9E6 /* Release */,
			);
			defaultConfigurationIsVisible = 0;
			defaultConfigurationName = Release;
		};
		01924F3724DB4B9D0064B9E6 /* Build configuration list for PBXNativeTarget "myFood" */ = {
			isa = XCConfigurationList;
			buildConfigurations = (
				01924F3824DB4B9D0064B9E6 /* Debug */,
				01924F3924DB4B9D0064B9E6 /* Release */,
			);
			defaultConfigurationIsVisible = 0;
			defaultConfigurationName = Release;
		};
/* End XCConfigurationList section */

/* Begin XCRemoteSwiftPackageReference section */
		01A9307E24FAEC9B00723177 /* XCRemoteSwiftPackageReference "facebook-ios-sdk" */ = {
			isa = XCRemoteSwiftPackageReference;
			repositoryURL = "https://github.com/facebook/facebook-ios-sdk";
			requirement = {
				kind = upToNextMajorVersion;
				minimumVersion = 7.1.1;
			};
		};
/* End XCRemoteSwiftPackageReference section */

/* Begin XCVersionGroup section */
		01924F2C24DB4B9B0064B9E6 /* myFood.xcdatamodeld */ = {
			isa = XCVersionGroup;
			children = (
				01924F2D24DB4B9B0064B9E6 /* myFood.xcdatamodel */,
			);
			currentVersion = 01924F2D24DB4B9B0064B9E6 /* myFood.xcdatamodel */;
			path = myFood.xcdatamodeld;
			sourceTree = "<group>";
			versionGroupType = wrapper.xcdatamodel;
		};
/* End XCVersionGroup section */
	};
	rootObject = 01924F1824DB4B9B0064B9E6 /* Project object */;
}
